
Microsoft Visual Studio Solution File, Format Version 12.00
# Visual Studio Version 17
VisualStudioVersion = 17.2.32616.157
MinimumVisualStudioVersion = 10.0.40219.1
Project("{FAE04EC0-301F-11D3-BF4B-00C04F79EFBC}") = "ConsoleApp8", "ConsoleApp8\ConsoleApp8.csproj", "{55B9AF45-DF91-4886-8929-03D810F5A33C}"
EndProject
Global
	GlobalSection(SolutionConfigurationPlatforms) = preSolution
		Debug|Any CPU = Debug|Any CPU
		Release|Any CPU = Release|Any CPU
	EndGlobalSection
	GlobalSection(ProjectConfigurationPlatforms) = postSolution
		{55B9AF45-DF91-4886-8929-03D810F5A33C}.Debug|Any CPU.ActiveCfg = Debug|Any CPU
		{55B9AF45-DF91-4886-8929-03D810F5A33C}.Debug|Any CPU.Build.0 = Debug|Any CPU
		{55B9AF45-DF91-4886-8929-03D810F5A33C}.Release|Any CPU.ActiveCfg = Release|Any CPU
		{55B9AF45-DF91-4886-8929-03D810F5A33C}.Release|Any CPU.Build.0 = Release|Any CPU
	EndGlobalSection
	GlobalSection(SolutionProperties) = preSolution
		HideSolutionNode = FALSE
	EndGlobalSection
	GlobalSection(ExtensibilityGlobals) = postSolution
		SolutionGuid = {33384639-080E-4B13-80AE-287E6ED44D7D}
	EndGlobalSection
EndGlobal
